
Microsoft Visual Studio Solution File, Format Version 12.00
# Visual Studio 14
VisualStudioVersion = 14.0.24720.0
MinimumVisualStudioVersion = 10.0.40219.1
Project("{FAE04EC0-301F-11D3-BF4B-00C04F79EFBC}") = "Space Game", "Space Game\Space Game.csproj", "{A2BBFEB4-710F-4136-82D0-E1F20D05AE76}"
EndProject
Project("{FAE04EC0-301F-11D3-BF4B-00C04F79EFBC}") = "Space Game Tests", "Space Game Tests\Space Game Tests.csproj", "{1A14A7BA-4E7D-4D62-B4C6-8D03AFB3349E}"
EndProject
Project("{FAE04EC0-301F-11D3-BF4B-00C04F79EFBC}") = "Carrier", "Carrier\Carrier.csproj", "{B661D10D-BB93-4146-8355-11AB4D86D32C}"
EndProject
Project("{FAE04EC0-301F-11D3-BF4B-00C04F79EFBC}") = "View", "View\View.csproj", "{2FBA4F25-2452-49AF-8055-FD5FE48D61C9}"
EndProject
Global
	GlobalSection(SolutionConfigurationPlatforms) = preSolution
		Debug|Any CPU = Debug|Any CPU
		Release|Any CPU = Release|Any CPU
	EndGlobalSection
	GlobalSection(ProjectConfigurationPlatforms) = postSolution
		{A2BBFEB4-710F-4136-82D0-E1F20D05AE76}.Debug|Any CPU.ActiveCfg = Debug|Any CPU
		{A2BBFEB4-710F-4136-82D0-E1F20D05AE76}.Debug|Any CPU.Build.0 = Debug|Any CPU
		{A2BBFEB4-710F-4136-82D0-E1F20D05AE76}.Release|Any CPU.ActiveCfg = Release|Any CPU
		{A2BBFEB4-710F-4136-82D0-E1F20D05AE76}.Release|Any CPU.Build.0 = Release|Any CPU
		{1A14A7BA-4E7D-4D62-B4C6-8D03AFB3349E}.Debug|Any CPU.ActiveCfg = Debug|Any CPU
		{1A14A7BA-4E7D-4D62-B4C6-8D03AFB3349E}.Debug|Any CPU.Build.0 = Debug|Any CPU
		{1A14A7BA-4E7D-4D62-B4C6-8D03AFB3349E}.Release|Any CPU.ActiveCfg = Release|Any CPU
		{1A14A7BA-4E7D-4D62-B4C6-8D03AFB3349E}.Release|Any CPU.Build.0 = Release|Any CPU
		{B661D10D-BB93-4146-8355-11AB4D86D32C}.Debug|Any CPU.ActiveCfg = Debug|Any CPU
		{B661D10D-BB93-4146-8355-11AB4D86D32C}.Debug|Any CPU.Build.0 = Debug|Any CPU
		{B661D10D-BB93-4146-8355-11AB4D86D32C}.Release|Any CPU.ActiveCfg = Release|Any CPU
		{B661D10D-BB93-4146-8355-11AB4D86D32C}.Release|Any CPU.Build.0 = Release|Any CPU
		{2FBA4F25-2452-49AF-8055-FD5FE48D61C9}.Debug|Any CPU.ActiveCfg = Debug|Any CPU
		{2FBA4F25-2452-49AF-8055-FD5FE48D61C9}.Debug|Any CPU.Build.0 = Debug|Any CPU
		{2FBA4F25-2452-49AF-8055-FD5FE48D61C9}.Release|Any CPU.ActiveCfg = Release|Any CPU
		{2FBA4F25-2452-49AF-8055-FD5FE48D61C9}.Release|Any CPU.Build.0 = Release|Any CPU
	EndGlobalSection
	GlobalSection(SolutionProperties) = preSolution
		HideSolutionNode = FALSE
	EndGlobalSection
EndGlobal
