
Microsoft Visual Studio Solution File, Format Version 12.00
# Visual Studio 14
VisualStudioVersion = 14.0.25123.0
MinimumVisualStudioVersion = 10.0.40219.1
Project("{FAE04EC0-301F-11D3-BF4B-00C04F79EFBC}") = "Space Game", "Space Game\Space Game.csproj", "{A2BBFEB4-710F-4136-82D0-E1F20D05AE76}"
EndProject
Project("{FAE04EC0-301F-11D3-BF4B-00C04F79EFBC}") = "Space Game Tests", "Space Game Tests\Space Game Tests.csproj", "{1A14A7BA-4E7D-4D62-B4C6-8D03AFB3349E}"
EndProject
Project("{FAE04EC0-301F-11D3-BF4B-00C04F79EFBC}") = "Carrier", "Carrier\Carrier.csproj", "{B661D10D-BB93-4146-8355-11AB4D86D32C}"
EndProject
Project("{FAE04EC0-301F-11D3-BF4B-00C04F79EFBC}") = "Controller", "Controller\Controller.csproj", "{3EE069F1-0B28-499B-888A-429B0301047D}"
EndProject
Project("{FAE04EC0-301F-11D3-BF4B-00C04F79EFBC}") = "View", "View\View.csproj", "{EFD814F9-6A1C-4E4D-A8D7-40187A1EA313}"
EndProject
Project("{FAE04EC0-301F-11D3-BF4B-00C04F79EFBC}") = "ApplicationDomain", "ApplicationDomain\ApplicationDomain.csproj", "{89CF601B-12FA-4802-A4C3-57C60CB7CD16}"
EndProject
Global
	GlobalSection(SolutionConfigurationPlatforms) = preSolution
		Debug|Any CPU = Debug|Any CPU
		Release|Any CPU = Release|Any CPU
	EndGlobalSection
	GlobalSection(ProjectConfigurationPlatforms) = postSolution
		{A2BBFEB4-710F-4136-82D0-E1F20D05AE76}.Debug|Any CPU.ActiveCfg = Debug|Any CPU
		{A2BBFEB4-710F-4136-82D0-E1F20D05AE76}.Debug|Any CPU.Build.0 = Debug|Any CPU
		{A2BBFEB4-710F-4136-82D0-E1F20D05AE76}.Release|Any CPU.ActiveCfg = Release|Any CPU
		{A2BBFEB4-710F-4136-82D0-E1F20D05AE76}.Release|Any CPU.Build.0 = Release|Any CPU
		{1A14A7BA-4E7D-4D62-B4C6-8D03AFB3349E}.Debug|Any CPU.ActiveCfg = Debug|Any CPU
		{1A14A7BA-4E7D-4D62-B4C6-8D03AFB3349E}.Debug|Any CPU.Build.0 = Debug|Any CPU
		{1A14A7BA-4E7D-4D62-B4C6-8D03AFB3349E}.Release|Any CPU.ActiveCfg = Release|Any CPU
		{1A14A7BA-4E7D-4D62-B4C6-8D03AFB3349E}.Release|Any CPU.Build.0 = Release|Any CPU
		{B661D10D-BB93-4146-8355-11AB4D86D32C}.Debug|Any CPU.ActiveCfg = Debug|Any CPU
		{B661D10D-BB93-4146-8355-11AB4D86D32C}.Debug|Any CPU.Build.0 = Debug|Any CPU
		{B661D10D-BB93-4146-8355-11AB4D86D32C}.Release|Any CPU.ActiveCfg = Release|Any CPU
		{B661D10D-BB93-4146-8355-11AB4D86D32C}.Release|Any CPU.Build.0 = Release|Any CPU
		{3EE069F1-0B28-499B-888A-429B0301047D}.Debug|Any CPU.ActiveCfg = Debug|Any CPU
		{3EE069F1-0B28-499B-888A-429B0301047D}.Debug|Any CPU.Build.0 = Debug|Any CPU
		{3EE069F1-0B28-499B-888A-429B0301047D}.Release|Any CPU.ActiveCfg = Release|Any CPU
		{3EE069F1-0B28-499B-888A-429B0301047D}.Release|Any CPU.Build.0 = Release|Any CPU
		{EFD814F9-6A1C-4E4D-A8D7-40187A1EA313}.Debug|Any CPU.ActiveCfg = Debug|Any CPU
		{EFD814F9-6A1C-4E4D-A8D7-40187A1EA313}.Debug|Any CPU.Build.0 = Debug|Any CPU
		{EFD814F9-6A1C-4E4D-A8D7-40187A1EA313}.Release|Any CPU.ActiveCfg = Release|Any CPU
		{EFD814F9-6A1C-4E4D-A8D7-40187A1EA313}.Release|Any CPU.Build.0 = Release|Any CPU
		{89CF601B-12FA-4802-A4C3-57C60CB7CD16}.Debug|Any CPU.ActiveCfg = Debug|Any CPU
		{89CF601B-12FA-4802-A4C3-57C60CB7CD16}.Debug|Any CPU.Build.0 = Debug|Any CPU
		{89CF601B-12FA-4802-A4C3-57C60CB7CD16}.Release|Any CPU.ActiveCfg = Release|Any CPU
		{89CF601B-12FA-4802-A4C3-57C60CB7CD16}.Release|Any CPU.Build.0 = Release|Any CPU
	EndGlobalSection
	GlobalSection(SolutionProperties) = preSolution
		HideSolutionNode = FALSE
	EndGlobalSection
EndGlobal
